
Microsoft Visual Studio Solution File, Format Version 12.00
# Visual Studio Version 17
VisualStudioVersion = 17.11.35312.102
MinimumVisualStudioVersion = 10.0.40219.1
Project("{9A19103F-16F7-4668-BE54-9A1E7A4F7556}") = "Pratik-ForOrnekleri", "Pratik-ForOrnekleri\Pratik-ForOrnekleri.csproj", "{623D9149-0506-4CD2-A24B-00B15A5AB9CE}"
EndProject
Project("{FAE04EC0-301F-11D3-BF4B-00C04F79EFBC}") = "PratikWhileOrnekleri", "PratikWhileOrnekleri\PratikWhileOrnekleri.csproj", "{EA9CB5CD-AB05-4B52-984E-6109E0F3327A}"
EndProject
Global
	GlobalSection(SolutionConfigurationPlatforms) = preSolution
		Debug|Any CPU = Debug|Any CPU
		Release|Any CPU = Release|Any CPU
	EndGlobalSection
	GlobalSection(ProjectConfigurationPlatforms) = postSolution
		{623D9149-0506-4CD2-A24B-00B15A5AB9CE}.Debug|Any CPU.ActiveCfg = Debug|Any CPU
		{623D9149-0506-4CD2-A24B-00B15A5AB9CE}.Debug|Any CPU.Build.0 = Debug|Any CPU
		{623D9149-0506-4CD2-A24B-00B15A5AB9CE}.Release|Any CPU.ActiveCfg = Release|Any CPU
		{623D9149-0506-4CD2-A24B-00B15A5AB9CE}.Release|Any CPU.Build.0 = Release|Any CPU
		{EA9CB5CD-AB05-4B52-984E-6109E0F3327A}.Debug|Any CPU.ActiveCfg = Debug|Any CPU
		{EA9CB5CD-AB05-4B52-984E-6109E0F3327A}.Debug|Any CPU.Build.0 = Debug|Any CPU
		{EA9CB5CD-AB05-4B52-984E-6109E0F3327A}.Release|Any CPU.ActiveCfg = Release|Any CPU
		{EA9CB5CD-AB05-4B52-984E-6109E0F3327A}.Release|Any CPU.Build.0 = Release|Any CPU
	EndGlobalSection
	GlobalSection(SolutionProperties) = preSolution
		HideSolutionNode = FALSE
	EndGlobalSection
	GlobalSection(ExtensibilityGlobals) = postSolution
		SolutionGuid = {96D13ABD-C112-42FD-844E-23D53ECD6ECE}
	EndGlobalSection
EndGlobal
